{
  "version": "5",
  "specifiers": {
    "npm:animejs@^3.2.2": "3.2.2",
    "npm:svrollbar@0.12": "0.12.0"
  },
  "npm": {
    "animejs@3.2.2": {
      "integrity": "sha512-Ao95qWLpDPXXM+WrmwcKbl6uNlC5tjnowlaRYtuVDHHoygjtIPfDUoK9NthrlZsQSKjZXlmji2TrBUAVbiH0LQ=="
    },
    "svrollbar@0.12.0": {
      "integrity": "sha512-okH0sz8bGtw+tgOfN1mpEtbveifxROcE3mbUMBJ1RQz8Q+1rVr+nVG7EAJ9b0G80cGDu7dskjAWuzj3iru0k5g=="
    }
  },
  "workspace": {
    "packageJson": {
      "dependencies": [
        "npm:@sveltejs/adapter-static@^3.0.8",
        "npm:@sveltejs/kit@^2.15.1",
        "npm:@sveltejs/vite-plugin-svelte@5",
        "npm:@tabler/icons-svelte@^3.26.0",
        "npm:@tailwindcss/postcss@^4.1.13",
        "npm:@tauri-apps/api@^2.8.0",
        "npm:@tauri-apps/cli@^2.8.4",
        "npm:@tauri-apps/plugin-dialog@2.2",
        "npm:@tauri-apps/plugin-opener@2",
        "npm:animejs@^3.2.2",
        "npm:postcss@^8.4.49",
        "npm:svelte-check@4",
        "npm:svelte@^5.16.0",
        "npm:svrollbar@0.12",
        "npm:tailwindcss@^4.1.13",
        "npm:typescript@^5.7.2",
        "npm:vite@^6.0.6"
      ]
    }
  }
}
